
Microsoft Visual Studio Solution File, Format Version 12.00
# Visual Studio Version 16
VisualStudioVersion = 16.0.31019.35
MinimumVisualStudioVersion = 10.0.40219.1
Project("{FAE04EC0-301F-11D3-BF4B-00C04F79EFBC}") = "lab_Delegates_ping_pong", "lab_Delegates_ping_pong.csproj", "{7E2927E1-5410-444E-9146-F6F0AC38436C}"
EndProject
Global
	GlobalSection(SolutionConfigurationPlatforms) = preSolution
		Debug|Any CPU = Debug|Any CPU
		Release|Any CPU = Release|Any CPU
	EndGlobalSection
	GlobalSection(ProjectConfigurationPlatforms) = postSolution
		{7E2927E1-5410-444E-9146-F6F0AC38436C}.Debug|Any CPU.ActiveCfg = Debug|Any CPU
		{7E2927E1-5410-444E-9146-F6F0AC38436C}.Debug|Any CPU.Build.0 = Debug|Any CPU
		{7E2927E1-5410-444E-9146-F6F0AC38436C}.Release|Any CPU.ActiveCfg = Release|Any CPU
		{7E2927E1-5410-444E-9146-F6F0AC38436C}.Release|Any CPU.Build.0 = Release|Any CPU
	EndGlobalSection
	GlobalSection(SolutionProperties) = preSolution
		HideSolutionNode = FALSE
	EndGlobalSection
	GlobalSection(ExtensibilityGlobals) = postSolution
		SolutionGuid = {AB31A0CA-6F84-4368-8A7A-DD1402944D0A}
	EndGlobalSection
EndGlobal
