
Microsoft Visual Studio Solution File, Format Version 12.00
# Visual Studio Version 16
VisualStudioVersion = 16.0.31019.35
MinimumVisualStudioVersion = 10.0.40219.1
Project("{FAE04EC0-301F-11D3-BF4B-00C04F79EFBC}") = "lab1_epam", "lab1_epam.csproj", "{72E31763-A50F-4116-B82F-A2E7A3C0F71E}"
EndProject
Global
	GlobalSection(SolutionConfigurationPlatforms) = preSolution
		Debug|Any CPU = Debug|Any CPU
		Release|Any CPU = Release|Any CPU
	EndGlobalSection
	GlobalSection(ProjectConfigurationPlatforms) = postSolution
		{72E31763-A50F-4116-B82F-A2E7A3C0F71E}.Debug|Any CPU.ActiveCfg = Debug|Any CPU
		{72E31763-A50F-4116-B82F-A2E7A3C0F71E}.Debug|Any CPU.Build.0 = Debug|Any CPU
		{72E31763-A50F-4116-B82F-A2E7A3C0F71E}.Release|Any CPU.ActiveCfg = Release|Any CPU
		{72E31763-A50F-4116-B82F-A2E7A3C0F71E}.Release|Any CPU.Build.0 = Release|Any CPU
	EndGlobalSection
	GlobalSection(SolutionProperties) = preSolution
		HideSolutionNode = FALSE
	EndGlobalSection
	GlobalSection(ExtensibilityGlobals) = postSolution
		SolutionGuid = {80D72180-4CB0-4DEE-AC82-C5C9DEC6CCC6}
	EndGlobalSection
EndGlobal
