
Microsoft Visual Studio Solution File, Format Version 12.00
# Visual Studio Version 16
VisualStudioVersion = 16.0.31019.35
MinimumVisualStudioVersion = 10.0.40219.1
Project("{FAE04EC0-301F-11D3-BF4B-00C04F79EFBC}") = "lab_epam_vectors", "lab_epam_vectors.csproj", "{EC4E93D2-CBFF-4724-8087-1840F2B19566}"
EndProject
Global
	GlobalSection(SolutionConfigurationPlatforms) = preSolution
		Debug|Any CPU = Debug|Any CPU
		Release|Any CPU = Release|Any CPU
	EndGlobalSection
	GlobalSection(ProjectConfigurationPlatforms) = postSolution
		{EC4E93D2-CBFF-4724-8087-1840F2B19566}.Debug|Any CPU.ActiveCfg = Debug|Any CPU
		{EC4E93D2-CBFF-4724-8087-1840F2B19566}.Debug|Any CPU.Build.0 = Debug|Any CPU
		{EC4E93D2-CBFF-4724-8087-1840F2B19566}.Release|Any CPU.ActiveCfg = Release|Any CPU
		{EC4E93D2-CBFF-4724-8087-1840F2B19566}.Release|Any CPU.Build.0 = Release|Any CPU
	EndGlobalSection
	GlobalSection(SolutionProperties) = preSolution
		HideSolutionNode = FALSE
	EndGlobalSection
	GlobalSection(ExtensibilityGlobals) = postSolution
		SolutionGuid = {90A583F2-7917-4ECF-8C72-2183024CDDD1}
	EndGlobalSection
EndGlobal
