
Microsoft Visual Studio Solution File, Format Version 12.00
# Visual Studio Version 16
VisualStudioVersion = 16.0.31019.35
MinimumVisualStudioVersion = 10.0.40219.1
Project("{FAE04EC0-301F-11D3-BF4B-00C04F79EFBC}") = "lab_exceptions", "lab_exceptions.csproj", "{60FC2C47-0AC8-4E29-976C-FC626D82EE9F}"
EndProject
Global
	GlobalSection(SolutionConfigurationPlatforms) = preSolution
		Debug|Any CPU = Debug|Any CPU
		Release|Any CPU = Release|Any CPU
	EndGlobalSection
	GlobalSection(ProjectConfigurationPlatforms) = postSolution
		{60FC2C47-0AC8-4E29-976C-FC626D82EE9F}.Debug|Any CPU.ActiveCfg = Debug|Any CPU
		{60FC2C47-0AC8-4E29-976C-FC626D82EE9F}.Debug|Any CPU.Build.0 = Debug|Any CPU
		{60FC2C47-0AC8-4E29-976C-FC626D82EE9F}.Release|Any CPU.ActiveCfg = Release|Any CPU
		{60FC2C47-0AC8-4E29-976C-FC626D82EE9F}.Release|Any CPU.Build.0 = Release|Any CPU
	EndGlobalSection
	GlobalSection(SolutionProperties) = preSolution
		HideSolutionNode = FALSE
	EndGlobalSection
	GlobalSection(ExtensibilityGlobals) = postSolution
		SolutionGuid = {DB96C06A-7829-4051-9FAA-D819A26D3625}
	EndGlobalSection
EndGlobal
