
Microsoft Visual Studio Solution File, Format Version 12.00
# Visual Studio Version 16
VisualStudioVersion = 16.0.31019.35
MinimumVisualStudioVersion = 10.0.40219.1
Project("{FAE04EC0-301F-11D3-BF4B-00C04F79EFBC}") = "lab_strings", "lab_strings.csproj", "{E1496D91-07F9-4027-B380-01C8C5D804C8}"
EndProject
Global
	GlobalSection(SolutionConfigurationPlatforms) = preSolution
		Debug|Any CPU = Debug|Any CPU
		Release|Any CPU = Release|Any CPU
	EndGlobalSection
	GlobalSection(ProjectConfigurationPlatforms) = postSolution
		{E1496D91-07F9-4027-B380-01C8C5D804C8}.Debug|Any CPU.ActiveCfg = Debug|Any CPU
		{E1496D91-07F9-4027-B380-01C8C5D804C8}.Debug|Any CPU.Build.0 = Debug|Any CPU
		{E1496D91-07F9-4027-B380-01C8C5D804C8}.Release|Any CPU.ActiveCfg = Release|Any CPU
		{E1496D91-07F9-4027-B380-01C8C5D804C8}.Release|Any CPU.Build.0 = Release|Any CPU
	EndGlobalSection
	GlobalSection(SolutionProperties) = preSolution
		HideSolutionNode = FALSE
	EndGlobalSection
	GlobalSection(ExtensibilityGlobals) = postSolution
		SolutionGuid = {032637DF-FA73-4810-B990-E22B4FEE7C7B}
	EndGlobalSection
EndGlobal
