
Microsoft Visual Studio Solution File, Format Version 12.00
# Visual Studio Version 16
VisualStudioVersion = 16.0.31019.35
MinimumVisualStudioVersion = 10.0.40219.1
Project("{FAE04EC0-301F-11D3-BF4B-00C04F79EFBC}") = "lab_Collections", "lab_Collections.csproj", "{4069EBE0-3F4C-404A-8ECC-31FDAA8F7914}"
EndProject
Global
	GlobalSection(SolutionConfigurationPlatforms) = preSolution
		Debug|Any CPU = Debug|Any CPU
		Release|Any CPU = Release|Any CPU
	EndGlobalSection
	GlobalSection(ProjectConfigurationPlatforms) = postSolution
		{4069EBE0-3F4C-404A-8ECC-31FDAA8F7914}.Debug|Any CPU.ActiveCfg = Debug|Any CPU
		{4069EBE0-3F4C-404A-8ECC-31FDAA8F7914}.Debug|Any CPU.Build.0 = Debug|Any CPU
		{4069EBE0-3F4C-404A-8ECC-31FDAA8F7914}.Release|Any CPU.ActiveCfg = Release|Any CPU
		{4069EBE0-3F4C-404A-8ECC-31FDAA8F7914}.Release|Any CPU.Build.0 = Release|Any CPU
	EndGlobalSection
	GlobalSection(SolutionProperties) = preSolution
		HideSolutionNode = FALSE
	EndGlobalSection
	GlobalSection(ExtensibilityGlobals) = postSolution
		SolutionGuid = {A4FF2637-3702-48AF-8D74-6C8FB406E30F}
	EndGlobalSection
EndGlobal
